// !$*UTF8*$!
{
	archiveVersion = 1;
	classes = {
	};
	objectVersion = 50;
	objects = {

/* Begin PBXBuildFile section */
		F514F0EF20AA53E4001C99C1 /* HealthKit.framework in Frameworks */ = {isa = PBXBuildFile; fileRef = F514F0EE20AA53E4001C99C1 /* HealthKit.framework */; };
		F514F0F820AA5415001C99C1 /* AgreementViewController.swift in Sources */ = {isa = PBXBuildFile; fileRef = F514F0F120AA5414001C99C1 /* AgreementViewController.swift */; };
		F514F0F920AA5415001C99C1 /* SleepMonitorViewController.swift in Sources */ = {isa = PBXBuildFile; fileRef = F514F0F220AA5414001C99C1 /* SleepMonitorViewController.swift */; };
		F514F0FA20AA5415001C99C1 /* WelcomeViewController.swift in Sources */ = {isa = PBXBuildFile; fileRef = F514F0F320AA5414001C99C1 /* WelcomeViewController.swift */; };
		F514F0FB20AA5415001C99C1 /* SignatureViewController.swift in Sources */ = {isa = PBXBuildFile; fileRef = F514F0F420AA5414001C99C1 /* SignatureViewController.swift */; };
		F514F0FC20AA5415001C99C1 /* MenuViewController.swift in Sources */ = {isa = PBXBuildFile; fileRef = F514F0F520AA5415001C99C1 /* MenuViewController.swift */; };
		F514F0FD20AA5415001C99C1 /* ConcentViewController.swift in Sources */ = {isa = PBXBuildFile; fileRef = F514F0F620AA5415001C99C1 /* ConcentViewController.swift */; };
		F514F0FE20AA5415001C99C1 /* DailyActivityMonitorViewController.swift in Sources */ = {isa = PBXBuildFile; fileRef = F514F0F720AA5415001C99C1 /* DailyActivityMonitorViewController.swift */; };
		F514F10D20AA594D001C99C1 /* HealthMonitorViewController.swift in Sources */ = {isa = PBXBuildFile; fileRef = F514F10C20AA594D001C99C1 /* HealthMonitorViewController.swift */; };
		F514F10F20AA5987001C99C1 /* HealthMonitorDetailViewController.swift in Sources */ = {isa = PBXBuildFile; fileRef = F514F10E20AA5987001C99C1 /* HealthMonitorDetailViewController.swift */; };
		F514F11120AA59B7001C99C1 /* WeightMonitorViewController.swift in Sources */ = {isa = PBXBuildFile; fileRef = F514F11020AA59B7001C99C1 /* WeightMonitorViewController.swift */; };
		F514F11320AA5A8D001C99C1 /* PrescriptionListTableViewController.swift in Sources */ = {isa = PBXBuildFile; fileRef = F514F11220AA5A8D001C99C1 /* PrescriptionListTableViewController.swift */; };
		F58FB50E20A7C91900757FBC /* AppDelegate.swift in Sources */ = {isa = PBXBuildFile; fileRef = F58FB50D20A7C91900757FBC /* AppDelegate.swift */; };
		F58FB51020A7C91900757FBC /* ViewController.swift in Sources */ = {isa = PBXBuildFile; fileRef = F58FB50F20A7C91900757FBC /* ViewController.swift */; };
		F58FB51320A7C91900757FBC /* Main.storyboard in Resources */ = {isa = PBXBuildFile; fileRef = F58FB51120A7C91900757FBC /* Main.storyboard */; };
		F58FB51620A7C91900757FBC /* IMoniQ.xcdatamodeld in Sources */ = {isa = PBXBuildFile; fileRef = F58FB51420A7C91900757FBC /* IMoniQ.xcdatamodeld */; };
		F58FB51820A7C91A00757FBC /* Assets.xcassets in Resources */ = {isa = PBXBuildFile; fileRef = F58FB51720A7C91A00757FBC /* Assets.xcassets */; };
		F58FB51B20A7C91A00757FBC /* LaunchScreen.storyboard in Resources */ = {isa = PBXBuildFile; fileRef = F58FB51920A7C91A00757FBC /* LaunchScreen.storyboard */; };
/* End PBXBuildFile section */

/* Begin PBXContainerItemProxy section */
		F5CE642420AA630400C81421 /* PBXContainerItemProxy */ = {
			isa = PBXContainerItemProxy;
			containerPortal = F5CE641E20AA630400C81421 /* ResearchKit.xcodeproj */;
			proxyType = 2;
			remoteGlobalIDString = B183A5951A8535D100C76870;
			remoteInfo = ResearchKit;
		};
		F5CE642620AA630400C81421 /* PBXContainerItemProxy */ = {
			isa = PBXContainerItemProxy;
			containerPortal = F5CE641E20AA630400C81421 /* ResearchKit.xcodeproj */;
			proxyType = 2;
			remoteGlobalIDString = 86CC8E9A1AC09332001CCD89;
			remoteInfo = ResearchKitTests;
		};
/* End PBXContainerItemProxy section */

/* Begin PBXFileReference section */
		F514F0EC20AA53E4001C99C1 /* IMoniQ.entitlements */ = {isa = PBXFileReference; lastKnownFileType = text.plist.entitlements; path = IMoniQ.entitlements; sourceTree = "<group>"; };
		F514F0EE20AA53E4001C99C1 /* HealthKit.framework */ = {isa = PBXFileReference; lastKnownFileType = wrapper.framework; name = HealthKit.framework; path = System/Library/Frameworks/HealthKit.framework; sourceTree = SDKROOT; };
		F514F0F120AA5414001C99C1 /* AgreementViewController.swift */ = {isa = PBXFileReference; fileEncoding = 4; lastKnownFileType = sourcecode.swift; path = AgreementViewController.swift; sourceTree = "<group>"; };
		F514F0F220AA5414001C99C1 /* SleepMonitorViewController.swift */ = {isa = PBXFileReference; fileEncoding = 4; lastKnownFileType = sourcecode.swift; path = SleepMonitorViewController.swift; sourceTree = "<group>"; };
		F514F0F320AA5414001C99C1 /* WelcomeViewController.swift */ = {isa = PBXFileReference; fileEncoding = 4; lastKnownFileType = sourcecode.swift; path = WelcomeViewController.swift; sourceTree = "<group>"; };
		F514F0F420AA5414001C99C1 /* SignatureViewController.swift */ = {isa = PBXFileReference; fileEncoding = 4; lastKnownFileType = sourcecode.swift; path = SignatureViewController.swift; sourceTree = "<group>"; };
		F514F0F520AA5415001C99C1 /* MenuViewController.swift */ = {isa = PBXFileReference; fileEncoding = 4; lastKnownFileType = sourcecode.swift; path = MenuViewController.swift; sourceTree = "<group>"; };
		F514F0F620AA5415001C99C1 /* ConcentViewController.swift */ = {isa = PBXFileReference; fileEncoding = 4; lastKnownFileType = sourcecode.swift; path = ConcentViewController.swift; sourceTree = "<group>"; };
		F514F0F720AA5415001C99C1 /* DailyActivityMonitorViewController.swift */ = {isa = PBXFileReference; fileEncoding = 4; lastKnownFileType = sourcecode.swift; path = DailyActivityMonitorViewController.swift; sourceTree = "<group>"; };
		F514F10C20AA594D001C99C1 /* HealthMonitorViewController.swift */ = {isa = PBXFileReference; lastKnownFileType = sourcecode.swift; path = HealthMonitorViewController.swift; sourceTree = "<group>"; };
		F514F10E20AA5987001C99C1 /* HealthMonitorDetailViewController.swift */ = {isa = PBXFileReference; lastKnownFileType = sourcecode.swift; path = HealthMonitorDetailViewController.swift; sourceTree = "<group>"; };
		F514F11020AA59B7001C99C1 /* WeightMonitorViewController.swift */ = {isa = PBXFileReference; lastKnownFileType = sourcecode.swift; path = WeightMonitorViewController.swift; sourceTree = "<group>"; };
		F514F11220AA5A8D001C99C1 /* PrescriptionListTableViewController.swift */ = {isa = PBXFileReference; lastKnownFileType = sourcecode.swift; path = PrescriptionListTableViewController.swift; sourceTree = "<group>"; };
		F58FB50A20A7C91900757FBC /* IMoniQ.app */ = {isa = PBXFileReference; explicitFileType = wrapper.application; includeInIndex = 0; path = IMoniQ.app; sourceTree = BUILT_PRODUCTS_DIR; };
		F58FB50D20A7C91900757FBC /* AppDelegate.swift */ = {isa = PBXFileReference; lastKnownFileType = sourcecode.swift; path = AppDelegate.swift; sourceTree = "<group>"; };
		F58FB50F20A7C91900757FBC /* ViewController.swift */ = {isa = PBXFileReference; lastKnownFileType = sourcecode.swift; path = ViewController.swift; sourceTree = "<group>"; };
		F58FB51220A7C91900757FBC /* Base */ = {isa = PBXFileReference; lastKnownFileType = file.storyboard; name = Base; path = Base.lproj/Main.storyboard; sourceTree = "<group>"; };
		F58FB51520A7C91900757FBC /* IMoniQ.xcdatamodel */ = {isa = PBXFileReference; lastKnownFileType = wrapper.xcdatamodel; path = IMoniQ.xcdatamodel; sourceTree = "<group>"; };
		F58FB51720A7C91A00757FBC /* Assets.xcassets */ = {isa = PBXFileReference; lastKnownFileType = folder.assetcatalog; path = Assets.xcassets; sourceTree = "<group>"; };
		F58FB51A20A7C91A00757FBC /* Base */ = {isa = PBXFileReference; lastKnownFileType = file.storyboard; name = Base; path = Base.lproj/LaunchScreen.storyboard; sourceTree = "<group>"; };
		F58FB51C20A7C91A00757FBC /* Info.plist */ = {isa = PBXFileReference; lastKnownFileType = text.plist.xml; path = Info.plist; sourceTree = "<group>"; };
		F5CE641E20AA630400C81421 /* ResearchKit.xcodeproj */ = {isa = PBXFileReference; lastKnownFileType = "wrapper.pb-project"; name = ResearchKit.xcodeproj; path = "../../../../Downloads/ResearchKit-master/ResearchKit.xcodeproj"; sourceTree = "<group>"; };
/* End PBXFileReference section */

/* Begin PBXFrameworksBuildPhase section */
		F58FB50720A7C91900757FBC /* Frameworks */ = {
			isa = PBXFrameworksBuildPhase;
			buildActionMask = 2147483647;
			files = (
				F514F0EF20AA53E4001C99C1 /* HealthKit.framework in Frameworks */,
			);
			runOnlyForDeploymentPostprocessing = 0;
		};
/* End PBXFrameworksBuildPhase section */

/* Begin PBXGroup section */
		F514F0ED20AA53E4001C99C1 /* Frameworks */ = {
			isa = PBXGroup;
			children = (
				F514F0EE20AA53E4001C99C1 /* HealthKit.framework */,
			);
			name = Frameworks;
			sourceTree = "<group>";
		};
		F514F0F020AA53FE001C99C1 /* Controllers */ = {
			isa = PBXGroup;
			children = (
				F514F0F120AA5414001C99C1 /* AgreementViewController.swift */,
				F514F0F620AA5415001C99C1 /* ConcentViewController.swift */,
				F514F0F720AA5415001C99C1 /* DailyActivityMonitorViewController.swift */,
				F514F0F520AA5415001C99C1 /* MenuViewController.swift */,
				F514F0F420AA5414001C99C1 /* SignatureViewController.swift */,
				F514F0F220AA5414001C99C1 /* SleepMonitorViewController.swift */,
				F514F0F320AA5414001C99C1 /* WelcomeViewController.swift */,
				F514F10C20AA594D001C99C1 /* HealthMonitorViewController.swift */,
				F514F10E20AA5987001C99C1 /* HealthMonitorDetailViewController.swift */,
				F514F11020AA59B7001C99C1 /* WeightMonitorViewController.swift */,
				F514F11220AA5A8D001C99C1 /* PrescriptionListTableViewController.swift */,
			);
			path = Controllers;
			sourceTree = "<group>";
		};
		F514F0FF20AA57C9001C99C1 /* Supporitng files */ = {
			isa = PBXGroup;
			children = (
				F5CE641E20AA630400C81421 /* ResearchKit.xcodeproj */,
				F58FB51720A7C91A00757FBC /* Assets.xcassets */,
				F58FB50F20A7C91900757FBC /* ViewController.swift */,
			);
			path = "Supporitng files";
			sourceTree = "<group>";
		};
		F514F10B20AA5855001C99C1 /* View */ = {
			isa = PBXGroup;
			children = (
				F58FB51120A7C91900757FBC /* Main.storyboard */,
				F58FB51920A7C91A00757FBC /* LaunchScreen.storyboard */,
			);
			path = View;
			sourceTree = "<group>";
		};
		F58FB50120A7C91900757FBC = {
			isa = PBXGroup;
			children = (
				F58FB50C20A7C91900757FBC /* IMoniQ */,
				F58FB50B20A7C91900757FBC /* Products */,
				F514F0ED20AA53E4001C99C1 /* Frameworks */,
			);
			sourceTree = "<group>";
		};
		F58FB50B20A7C91900757FBC /* Products */ = {
			isa = PBXGroup;
			children = (
				F58FB50A20A7C91900757FBC /* IMoniQ.app */,
			);
			name = Products;
			sourceTree = "<group>";
		};
		F58FB50C20A7C91900757FBC /* IMoniQ */ = {
			isa = PBXGroup;
			children = (
				F58FB50D20A7C91900757FBC /* AppDelegate.swift */,
				F514F10B20AA5855001C99C1 /* View */,
				F514F0F020AA53FE001C99C1 /* Controllers */,
				F514F0FF20AA57C9001C99C1 /* Supporitng files */,
				F514F0EC20AA53E4001C99C1 /* IMoniQ.entitlements */,
				F58FB51420A7C91900757FBC /* IMoniQ.xcdatamodeld */,
				F58FB51C20A7C91A00757FBC /* Info.plist */,
			);
			path = IMoniQ;
			sourceTree = "<group>";
		};
		F5CE641F20AA630400C81421 /* Products */ = {
			isa = PBXGroup;
			children = (
				F5CE642520AA630400C81421 /* ResearchKit.framework */,
				F5CE642720AA630400C81421 /* ResearchKitTests.xctest */,
			);
			name = Products;
			sourceTree = "<group>";
		};
/* End PBXGroup section */

/* Begin PBXNativeTarget section */
		F58FB50920A7C91900757FBC /* IMoniQ */ = {
			isa = PBXNativeTarget;
			buildConfigurationList = F58FB51F20A7C91A00757FBC /* Build configuration list for PBXNativeTarget "IMoniQ" */;
			buildPhases = (
				F58FB50620A7C91900757FBC /* Sources */,
				F58FB50720A7C91900757FBC /* Frameworks */,
				F58FB50820A7C91900757FBC /* Resources */,
			);
			buildRules = (
			);
			dependencies = (
			);
			name = IMoniQ;
			productName = IMoniQ;
			productReference = F58FB50A20A7C91900757FBC /* IMoniQ.app */;
			productType = "com.apple.product-type.application";
		};
/* End PBXNativeTarget section */

/* Begin PBXProject section */
		F58FB50220A7C91900757FBC /* Project object */ = {
			isa = PBXProject;
			attributes = {
				LastSwiftUpdateCheck = 0930;
				LastUpgradeCheck = 0930;
				ORGANIZATIONNAME = "Hyojin Lee";
				TargetAttributes = {
					F58FB50920A7C91900757FBC = {
						CreatedOnToolsVersion = 9.3;
						SystemCapabilities = {
							com.apple.HealthKit = {
								enabled = 1;
							};
						};
					};
				};
			};
			buildConfigurationList = F58FB50520A7C91900757FBC /* Build configuration list for PBXProject "IMoniQ" */;
			compatibilityVersion = "Xcode 9.3";
			developmentRegion = en;
			hasScannedForEncodings = 0;
			knownRegions = (
				en,
				Base,
			);
			mainGroup = F58FB50120A7C91900757FBC;
			productRefGroup = F58FB50B20A7C91900757FBC /* Products */;
			projectDirPath = "";
			projectReferences = (
				{
					ProductGroup = F5CE641F20AA630400C81421 /* Products */;
					ProjectRef = F5CE641E20AA630400C81421 /* ResearchKit.xcodeproj */;
				},
			);
			projectRoot = "";
			targets = (
				F58FB50920A7C91900757FBC /* IMoniQ */,
			);
		};
/* End PBXProject section */

/* Begin PBXReferenceProxy section */
		F5CE642520AA630400C81421 /* ResearchKit.framework */ = {
			isa = PBXReferenceProxy;
			fileType = wrapper.framework;
			path = ResearchKit.framework;
			remoteRef = F5CE642420AA630400C81421 /* PBXContainerItemProxy */;
			sourceTree = BUILT_PRODUCTS_DIR;
		};
		F5CE642720AA630400C81421 /* ResearchKitTests.xctest */ = {
			isa = PBXReferenceProxy;
			fileType = wrapper.cfbundle;
			path = ResearchKitTests.xctest;
			remoteRef = F5CE642620AA630400C81421 /* PBXContainerItemProxy */;
			sourceTree = BUILT_PRODUCTS_DIR;
		};
/* End PBXReferenceProxy section */

/* Begin PBXResourcesBuildPhase section */
		F58FB50820A7C91900757FBC /* Resources */ = {
			isa = PBXResourcesBuildPhase;
			buildActionMask = 2147483647;
			files = (
				F58FB51B20A7C91A00757FBC /* LaunchScreen.storyboard in Resources */,
				F58FB51820A7C91A00757FBC /* Assets.xcassets in Resources */,
				F58FB51320A7C91900757FBC /* Main.storyboard in Resources */,
			);
			runOnlyForDeploymentPostprocessing = 0;
		};
/* End PBXResourcesBuildPhase section */

/* Begin PBXSourcesBuildPhase section */
		F58FB50620A7C91900757FBC /* Sources */ = {
			isa = PBXSourcesBuildPhase;
			buildActionMask = 2147483647;
			files = (
				F514F0FE20AA5415001C99C1 /* DailyActivityMonitorViewController.swift in Sources */,
				F58FB51020A7C91900757FBC /* ViewController.swift in Sources */,
				F514F11120AA59B7001C99C1 /* WeightMonitorViewController.swift in Sources */,
				F514F10F20AA5987001C99C1 /* HealthMonitorDetailViewController.swift in Sources */,
				F514F0FD20AA5415001C99C1 /* ConcentViewController.swift in Sources */,
				F58FB50E20A7C91900757FBC /* AppDelegate.swift in Sources */,
				F58FB51620A7C91900757FBC /* IMoniQ.xcdatamodeld in Sources */,
				F514F0FA20AA5415001C99C1 /* WelcomeViewController.swift in Sources */,
				F514F0FB20AA5415001C99C1 /* SignatureViewController.swift in Sources */,
				F514F10D20AA594D001C99C1 /* HealthMonitorViewController.swift in Sources */,
				F514F0F920AA5415001C99C1 /* SleepMonitorViewController.swift in Sources */,
				F514F11320AA5A8D001C99C1 /* PrescriptionListTableViewController.swift in Sources */,
				F514F0F820AA5415001C99C1 /* AgreementViewController.swift in Sources */,
				F514F0FC20AA5415001C99C1 /* MenuViewController.swift in Sources */,
			);
			runOnlyForDeploymentPostprocessing = 0;
		};
/* End PBXSourcesBuildPhase section */

/* Begin PBXVariantGroup section */
		F58FB51120A7C91900757FBC /* Main.storyboard */ = {
			isa = PBXVariantGroup;
			children = (
				F58FB51220A7C91900757FBC /* Base */,
			);
			name = Main.storyboard;
			sourceTree = "<group>";
		};
		F58FB51920A7C91A00757FBC /* LaunchScreen.storyboard */ = {
			isa = PBXVariantGroup;
			children = (
				F58FB51A20A7C91A00757FBC /* Base */,
			);
			name = LaunchScreen.storyboard;
			sourceTree = "<group>";
		};
/* End PBXVariantGroup section */

/* Begin XCBuildConfiguration section */
		F58FB51D20A7C91A00757FBC /* Debug */ = {
			isa = XCBuildConfiguration;
			buildSettings = {
				ALWAYS_SEARCH_USER_PATHS = NO;
				CLANG_ANALYZER_NONNULL = YES;
				CLANG_ANALYZER_NUMBER_OBJECT_CONVERSION = YES_AGGRESSIVE;
				CLANG_CXX_LANGUAGE_STANDARD = "gnu++14";
				CLANG_CXX_LIBRARY = "libc++";
				CLANG_ENABLE_MODULES = YES;
				CLANG_ENABLE_OBJC_ARC = YES;
				CLANG_ENABLE_OBJC_WEAK = YES;
				CLANG_WARN_BLOCK_CAPTURE_AUTORELEASING = YES;
				CLANG_WARN_BOOL_CONVERSION = YES;
				CLANG_WARN_COMMA = YES;
				CLANG_WARN_CONSTANT_CONVERSION = YES;
				CLANG_WARN_DEPRECATED_OBJC_IMPLEMENTATIONS = YES;
				CLANG_WARN_DIRECT_OBJC_ISA_USAGE = YES_ERROR;
				CLANG_WARN_DOCUMENTATION_COMMENTS = YES;
				CLANG_WARN_EMPTY_BODY = YES;
				CLANG_WARN_ENUM_CONVERSION = YES;
				CLANG_WARN_INFINITE_RECURSION = YES;
				CLANG_WARN_INT_CONVERSION = YES;
				CLANG_WARN_NON_LITERAL_NULL_CONVERSION = YES;
				CLANG_WARN_OBJC_IMPLICIT_RETAIN_SELF = YES;
				CLANG_WARN_OBJC_LITERAL_CONVERSION = YES;
				CLANG_WARN_OBJC_ROOT_CLASS = YES_ERROR;
				CLANG_WARN_RANGE_LOOP_ANALYSIS = YES;
				CLANG_WARN_STRICT_PROTOTYPES = YES;
				CLANG_WARN_SUSPICIOUS_MOVE = YES;
				CLANG_WARN_UNGUARDED_AVAILABILITY = YES_AGGRESSIVE;
				CLANG_WARN_UNREACHABLE_CODE = YES;
				CLANG_WARN__DUPLICATE_METHOD_MATCH = YES;
				CODE_SIGN_IDENTITY = "iPhone Developer";
				COPY_PHASE_STRIP = NO;
				DEBUG_INFORMATION_FORMAT = dwarf;
				ENABLE_STRICT_OBJC_MSGSEND = YES;
				ENABLE_TESTABILITY = YES;
				GCC_C_LANGUAGE_STANDARD = gnu11;
				GCC_DYNAMIC_NO_PIC = NO;
				GCC_NO_COMMON_BLOCKS = YES;
				GCC_OPTIMIZATION_LEVEL = 0;
				GCC_PREPROCESSOR_DEFINITIONS = (
					"DEBUG=1",
					"$(inherited)",
				);
				GCC_WARN_64_TO_32_BIT_CONVERSION = YES;
				GCC_WARN_ABOUT_RETURN_TYPE = YES_ERROR;
				GCC_WARN_UNDECLARED_SELECTOR = YES;
				GCC_WARN_UNINITIALIZED_AUTOS = YES_AGGRESSIVE;
				GCC_WARN_UNUSED_FUNCTION = YES;
				GCC_WARN_UNUSED_VARIABLE = YES;
				IPHONEOS_DEPLOYMENT_TARGET = 11.3;
				MTL_ENABLE_DEBUG_INFO = YES;
				ONLY_ACTIVE_ARCH = YES;
				SDKROOT = iphoneos;
				SWIFT_ACTIVE_COMPILATION_CONDITIONS = DEBUG;
				SWIFT_OPTIMIZATION_LEVEL = "-Onone";
			};
			name = Debug;
		};
		F58FB51E20A7C91A00757FBC /* Release */ = {
			isa = XCBuildConfiguration;
			buildSettings = {
				ALWAYS_SEARCH_USER_PATHS = NO;
				CLANG_ANALYZER_NONNULL = YES;
				CLANG_ANALYZER_NUMBER_OBJECT_CONVERSION = YES_AGGRESSIVE;
				CLANG_CXX_LANGUAGE_STANDARD = "gnu++14";
				CLANG_CXX_LIBRARY = "libc++";
				CLANG_ENABLE_MODULES = YES;
				CLANG_ENABLE_OBJC_ARC = YES;
				CLANG_ENABLE_OBJC_WEAK = YES;
				CLANG_WARN_BLOCK_CAPTURE_AUTORELEASING = YES;
				CLANG_WARN_BOOL_CONVERSION = YES;
				CLANG_WARN_COMMA = YES;
				CLANG_WARN_CONSTANT_CONVERSION = YES;
				CLANG_WARN_DEPRECATED_OBJC_IMPLEMENTATIONS = YES;
				CLANG_WARN_DIRECT_OBJC_ISA_USAGE = YES_ERROR;
				CLANG_WARN_DOCUMENTATION_COMMENTS = YES;
				CLANG_WARN_EMPTY_BODY = YES;
				CLANG_WARN_ENUM_CONVERSION = YES;
				CLANG_WARN_INFINITE_RECURSION = YES;
				CLANG_WARN_INT_CONVERSION = YES;
				CLANG_WARN_NON_LITERAL_NULL_CONVERSION = YES;
				CLANG_WARN_OBJC_IMPLICIT_RETAIN_SELF = YES;
				CLANG_WARN_OBJC_LITERAL_CONVERSION = YES;
				CLANG_WARN_OBJC_ROOT_CLASS = YES_ERROR;
				CLANG_WARN_RANGE_LOOP_ANALYSIS = YES;
				CLANG_WARN_STRICT_PROTOTYPES = YES;
				CLANG_WARN_SUSPICIOUS_MOVE = YES;
				CLANG_WARN_UNGUARDED_AVAILABILITY = YES_AGGRESSIVE;
				CLANG_WARN_UNREACHABLE_CODE = YES;
				CLANG_WARN__DUPLICATE_METHOD_MATCH = YES;
				CODE_SIGN_IDENTITY = "iPhone Developer";
				COPY_PHASE_STRIP = NO;
				DEBUG_INFORMATION_FORMAT = "dwarf-with-dsym";
				ENABLE_NS_ASSERTIONS = NO;
				ENABLE_STRICT_OBJC_MSGSEND = YES;
				GCC_C_LANGUAGE_STANDARD = gnu11;
				GCC_NO_COMMON_BLOCKS = YES;
				GCC_WARN_64_TO_32_BIT_CONVERSION = YES;
				GCC_WARN_ABOUT_RETURN_TYPE = YES_ERROR;
				GCC_WARN_UNDECLARED_SELECTOR = YES;
				GCC_WARN_UNINITIALIZED_AUTOS = YES_AGGRESSIVE;
				GCC_WARN_UNUSED_FUNCTION = YES;
				GCC_WARN_UNUSED_VARIABLE = YES;
				IPHONEOS_DEPLOYMENT_TARGET = 11.3;
				MTL_ENABLE_DEBUG_INFO = NO;
				SDKROOT = iphoneos;
				SWIFT_COMPILATION_MODE = wholemodule;
				SWIFT_OPTIMIZATION_LEVEL = "-O";
				VALIDATE_PRODUCT = YES;
			};
			name = Release;
		};
		F58FB52020A7C91A00757FBC /* Debug */ = {
			isa = XCBuildConfiguration;
			buildSettings = {
				ASSETCATALOG_COMPILER_APPICON_NAME = AppIcon;
				CODE_SIGN_ENTITLEMENTS = IMoniQ/IMoniQ.entitlements;
				CODE_SIGN_STYLE = Automatic;
				DEVELOPMENT_TEAM = "";
				INFOPLIST_FILE = IMoniQ/Info.plist;
				LD_RUNPATH_SEARCH_PATHS = (
					"$(inherited)",
					"@executable_path/Frameworks",
				);
				PRODUCT_BUNDLE_IDENTIFIER = UTS.IMoniQ;
				PRODUCT_NAME = "$(TARGET_NAME)";
				SWIFT_VERSION = 4.0;
				TARGETED_DEVICE_FAMILY = "1,2";
			};
			name = Debug;
		};
		F58FB52120A7C91A00757FBC /* Release */ = {
			isa = XCBuildConfiguration;
			buildSettings = {
				ASSETCATALOG_COMPILER_APPICON_NAME = AppIcon;
				CODE_SIGN_ENTITLEMENTS = IMoniQ/IMoniQ.entitlements;
				CODE_SIGN_STYLE = Automatic;
				DEVELOPMENT_TEAM = "";
				INFOPLIST_FILE = IMoniQ/Info.plist;
				LD_RUNPATH_SEARCH_PATHS = (
					"$(inherited)",
					"@executable_path/Frameworks",
				);
				PRODUCT_BUNDLE_IDENTIFIER = UTS.IMoniQ;
				PRODUCT_NAME = "$(TARGET_NAME)";
				SWIFT_VERSION = 4.0;
				TARGETED_DEVICE_FAMILY = "1,2";
			};
			name = Release;
		};
/* End XCBuildConfiguration section */

/* Begin XCConfigurationList section */
		F58FB50520A7C91900757FBC /* Build configuration list for PBXProject "IMoniQ" */ = {
			isa = XCConfigurationList;
			buildConfigurations = (
				F58FB51D20A7C91A00757FBC /* Debug */,
				F58FB51E20A7C91A00757FBC /* Release */,
			);
			defaultConfigurationIsVisible = 0;
			defaultConfigurationName = Release;
		};
		F58FB51F20A7C91A00757FBC /* Build configuration list for PBXNativeTarget "IMoniQ" */ = {
			isa = XCConfigurationList;
			buildConfigurations = (
				F58FB52020A7C91A00757FBC /* Debug */,
				F58FB52120A7C91A00757FBC /* Release */,
			);
			defaultConfigurationIsVisible = 0;
			defaultConfigurationName = Release;
		};
/* End XCConfigurationList section */

/* Begin XCVersionGroup section */
		F58FB51420A7C91900757FBC /* IMoniQ.xcdatamodeld */ = {
			isa = XCVersionGroup;
			children = (
				F58FB51520A7C91900757FBC /* IMoniQ.xcdatamodel */,
			);
			currentVersion = F58FB51520A7C91900757FBC /* IMoniQ.xcdatamodel */;
			path = IMoniQ.xcdatamodeld;
			sourceTree = "<group>";
			versionGroupType = wrapper.xcdatamodel;
		};
/* End XCVersionGroup section */
	};
	rootObject = F58FB50220A7C91900757FBC /* Project object */;
}
