// !$*UTF8*$!
{
	archiveVersion = 1;
	classes = {
	};
	objectVersion = 50;
	objects = {

/* Begin PBXBuildFile section */
		F58FB50E20A7C91900757FBC /* AppDelegate.swift in Sources */ = {isa = PBXBuildFile; fileRef = F58FB50D20A7C91900757FBC /* AppDelegate.swift */; };
		F58FB51020A7C91900757FBC /* ViewController.swift in Sources */ = {isa = PBXBuildFile; fileRef = F58FB50F20A7C91900757FBC /* ViewController.swift */; };
		F58FB51320A7C91900757FBC /* Main.storyboard in Resources */ = {isa = PBXBuildFile; fileRef = F58FB51120A7C91900757FBC /* Main.storyboard */; };
		F58FB51620A7C91900757FBC /* IMoniQ.xcdatamodeld in Sources */ = {isa = PBXBuildFile; fileRef = F58FB51420A7C91900757FBC /* IMoniQ.xcdatamodeld */; };
		F58FB51820A7C91A00757FBC /* Assets.xcassets in Resources */ = {isa = PBXBuildFile; fileRef = F58FB51720A7C91A00757FBC /* Assets.xcassets */; };
		F58FB51B20A7C91A00757FBC /* LaunchScreen.storyboard in Resources */ = {isa = PBXBuildFile; fileRef = F58FB51920A7C91A00757FBC /* LaunchScreen.storyboard */; };
/* End PBXBuildFile section */

/* Begin PBXFileReference section */
		F58FB50A20A7C91900757FBC /* IMoniQ.app */ = {isa = PBXFileReference; explicitFileType = wrapper.application; includeInIndex = 0; path = IMoniQ.app; sourceTree = BUILT_PRODUCTS_DIR; };
		F58FB50D20A7C91900757FBC /* AppDelegate.swift */ = {isa = PBXFileReference; lastKnownFileType = sourcecode.swift; path = AppDelegate.swift; sourceTree = "<group>"; };
		F58FB50F20A7C91900757FBC /* ViewController.swift */ = {isa = PBXFileReference; lastKnownFileType = sourcecode.swift; path = ViewController.swift; sourceTree = "<group>"; };
		F58FB51220A7C91900757FBC /* Base */ = {isa = PBXFileReference; lastKnownFileType = file.storyboard; name = Base; path = Base.lproj/Main.storyboard; sourceTree = "<group>"; };
		F58FB51520A7C91900757FBC /* IMoniQ.xcdatamodel */ = {isa = PBXFileReference; lastKnownFileType = wrapper.xcdatamodel; path = IMoniQ.xcdatamodel; sourceTree = "<group>"; };
		F58FB51720A7C91A00757FBC /* Assets.xcassets */ = {isa = PBXFileReference; lastKnownFileType = folder.assetcatalog; path = Assets.xcassets; sourceTree = "<group>"; };
		F58FB51A20A7C91A00757FBC /* Base */ = {isa = PBXFileReference; lastKnownFileType = file.storyboard; name = Base; path = Base.lproj/LaunchScreen.storyboard; sourceTree = "<group>"; };
		F58FB51C20A7C91A00757FBC /* Info.plist */ = {isa = PBXFileReference; lastKnownFileType = text.plist.xml; path = Info.plist; sourceTree = "<group>"; };
/* End PBXFileReference section */

/* Begin PBXFrameworksBuildPhase section */
		F58FB50720A7C91900757FBC /* Frameworks */ = {
			isa = PBXFrameworksBuildPhase;
			buildActionMask = 2147483647;
			files = (
			);
			runOnlyForDeploymentPostprocessing = 0;
		};
/* End PBXFrameworksBuildPhase section */

/* Begin PBXGroup section */
		F58FB50120A7C91900757FBC = {
			isa = PBXGroup;
			children = (
				F58FB50C20A7C91900757FBC /* IMoniQ */,
				F58FB50B20A7C91900757FBC /* Products */,
			);
			sourceTree = "<group>";
		};
		F58FB50B20A7C91900757FBC /* Products */ = {
			isa = PBXGroup;
			children = (
				F58FB50A20A7C91900757FBC /* IMoniQ.app */,
			);
			name = Products;
			sourceTree = "<group>";
		};
		F58FB50C20A7C91900757FBC /* IMoniQ */ = {
			isa = PBXGroup;
			children = (
				F58FB50D20A7C91900757FBC /* AppDelegate.swift */,
				F58FB50F20A7C91900757FBC /* ViewController.swift */,
				F58FB51120A7C91900757FBC /* Main.storyboard */,
				F58FB51720A7C91A00757FBC /* Assets.xcassets */,
				F58FB51920A7C91A00757FBC /* LaunchScreen.storyboard */,
				F58FB51C20A7C91A00757FBC /* Info.plist */,
				F58FB51420A7C91900757FBC /* IMoniQ.xcdatamodeld */,
			);
			path = IMoniQ;
			sourceTree = "<group>";
		};
/* End PBXGroup section */

/* Begin PBXNativeTarget section */
		F58FB50920A7C91900757FBC /* IMoniQ */ = {
			isa = PBXNativeTarget;
			buildConfigurationList = F58FB51F20A7C91A00757FBC /* Build configuration list for PBXNativeTarget "IMoniQ" */;
			buildPhases = (
				F58FB50620A7C91900757FBC /* Sources */,
				F58FB50720A7C91900757FBC /* Frameworks */,
				F58FB50820A7C91900757FBC /* Resources */,
			);
			buildRules = (
			);
			dependencies = (
			);
			name = IMoniQ;
			productName = IMoniQ;
			productReference = F58FB50A20A7C91900757FBC /* IMoniQ.app */;
			productType = "com.apple.product-type.application";
		};
/* End PBXNativeTarget section */

/* Begin PBXProject section */
		F58FB50220A7C91900757FBC /* Project object */ = {
			isa = PBXProject;
			attributes = {
				LastSwiftUpdateCheck = 0930;
				LastUpgradeCheck = 0930;
				ORGANIZATIONNAME = "Hyojin Lee";
				TargetAttributes = {
					F58FB50920A7C91900757FBC = {
						CreatedOnToolsVersion = 9.3;
					};
				};
			};
			buildConfigurationList = F58FB50520A7C91900757FBC /* Build configuration list for PBXProject "IMoniQ" */;
			compatibilityVersion = "Xcode 9.3";
			developmentRegion = en;
			hasScannedForEncodings = 0;
			knownRegions = (
				en,
				Base,
			);
			mainGroup = F58FB50120A7C91900757FBC;
			productRefGroup = F58FB50B20A7C91900757FBC /* Products */;
			projectDirPath = "";
			projectRoot = "";
			targets = (
				F58FB50920A7C91900757FBC /* IMoniQ */,
			);
		};
/* End PBXProject section */

/* Begin PBXResourcesBuildPhase section */
		F58FB50820A7C91900757FBC /* Resources */ = {
			isa = PBXResourcesBuildPhase;
			buildActionMask = 2147483647;
			files = (
				F58FB51B20A7C91A00757FBC /* LaunchScreen.storyboard in Resources */,
				F58FB51820A7C91A00757FBC /* Assets.xcassets in Resources */,
				F58FB51320A7C91900757FBC /* Main.storyboard in Resources */,
			);
			runOnlyForDeploymentPostprocessing = 0;
		};
/* End PBXResourcesBuildPhase section */

/* Begin PBXSourcesBuildPhase section */
		F58FB50620A7C91900757FBC /* Sources */ = {
			isa = PBXSourcesBuildPhase;
			buildActionMask = 2147483647;
			files = (
				F58FB51020A7C91900757FBC /* ViewController.swift in Sources */,
				F58FB50E20A7C91900757FBC /* AppDelegate.swift in Sources */,
				F58FB51620A7C91900757FBC /* IMoniQ.xcdatamodeld in Sources */,
			);
			runOnlyForDeploymentPostprocessing = 0;
		};
/* End PBXSourcesBuildPhase section */

/* Begin PBXVariantGroup section */
		F58FB51120A7C91900757FBC /* Main.storyboard */ = {
			isa = PBXVariantGroup;
			children = (
				F58FB51220A7C91900757FBC /* Base */,
			);
			name = Main.storyboard;
			sourceTree = "<group>";
		};
		F58FB51920A7C91A00757FBC /* LaunchScreen.storyboard */ = {
			isa = PBXVariantGroup;
			children = (
				F58FB51A20A7C91A00757FBC /* Base */,
			);
			name = LaunchScreen.storyboard;
			sourceTree = "<group>";
		};
/* End PBXVariantGroup section */

/* Begin XCBuildConfiguration section */
		F58FB51D20A7C91A00757FBC /* Debug */ = {
			isa = XCBuildConfiguration;
			buildSettings = {
				ALWAYS_SEARCH_USER_PATHS = NO;
				CLANG_ANALYZER_NONNULL = YES;
				CLANG_ANALYZER_NUMBER_OBJECT_CONVERSION = YES_AGGRESSIVE;
				CLANG_CXX_LANGUAGE_STANDARD = "gnu++14";
				CLANG_CXX_LIBRARY = "libc++";
				CLANG_ENABLE_MODULES = YES;
				CLANG_ENABLE_OBJC_ARC = YES;
				CLANG_ENABLE_OBJC_WEAK = YES;
				CLANG_WARN_BLOCK_CAPTURE_AUTORELEASING = YES;
				CLANG_WARN_BOOL_CONVERSION = YES;
				CLANG_WARN_COMMA = YES;
				CLANG_WARN_CONSTANT_CONVERSION = YES;
				CLANG_WARN_DEPRECATED_OBJC_IMPLEMENTATIONS = YES;
				CLANG_WARN_DIRECT_OBJC_ISA_USAGE = YES_ERROR;
				CLANG_WARN_DOCUMENTATION_COMMENTS = YES;
				CLANG_WARN_EMPTY_BODY = YES;
				CLANG_WARN_ENUM_CONVERSION = YES;
				CLANG_WARN_INFINITE_RECURSION = YES;
				CLANG_WARN_INT_CONVERSION = YES;
				CLANG_WARN_NON_LITERAL_NULL_CONVERSION = YES;
				CLANG_WARN_OBJC_IMPLICIT_RETAIN_SELF = YES;
				CLANG_WARN_OBJC_LITERAL_CONVERSION = YES;
				CLANG_WARN_OBJC_ROOT_CLASS = YES_ERROR;
				CLANG_WARN_RANGE_LOOP_ANALYSIS = YES;
				CLANG_WARN_STRICT_PROTOTYPES = YES;
				CLANG_WARN_SUSPICIOUS_MOVE = YES;
				CLANG_WARN_UNGUARDED_AVAILABILITY = YES_AGGRESSIVE;
				CLANG_WARN_UNREACHABLE_CODE = YES;
				CLANG_WARN__DUPLICATE_METHOD_MATCH = YES;
				CODE_SIGN_IDENTITY = "iPhone Developer";
				COPY_PHASE_STRIP = NO;
				DEBUG_INFORMATION_FORMAT = dwarf;
				ENABLE_STRICT_OBJC_MSGSEND = YES;
				ENABLE_TESTABILITY = YES;
				GCC_C_LANGUAGE_STANDARD = gnu11;
				GCC_DYNAMIC_NO_PIC = NO;
				GCC_NO_COMMON_BLOCKS = YES;
				GCC_OPTIMIZATION_LEVEL = 0;
				GCC_PREPROCESSOR_DEFINITIONS = (
					"DEBUG=1",
					"$(inherited)",
				);
				GCC_WARN_64_TO_32_BIT_CONVERSION = YES;
				GCC_WARN_ABOUT_RETURN_TYPE = YES_ERROR;
				GCC_WARN_UNDECLARED_SELECTOR = YES;
				GCC_WARN_UNINITIALIZED_AUTOS = YES_AGGRESSIVE;
				GCC_WARN_UNUSED_FUNCTION = YES;
				GCC_WARN_UNUSED_VARIABLE = YES;
				IPHONEOS_DEPLOYMENT_TARGET = 11.3;
				MTL_ENABLE_DEBUG_INFO = YES;
				ONLY_ACTIVE_ARCH = YES;
				SDKROOT = iphoneos;
				SWIFT_ACTIVE_COMPILATION_CONDITIONS = DEBUG;
				SWIFT_OPTIMIZATION_LEVEL = "-Onone";
			};
			name = Debug;
		};
		F58FB51E20A7C91A00757FBC /* Release */ = {
			isa = XCBuildConfiguration;
			buildSettings = {
				ALWAYS_SEARCH_USER_PATHS = NO;
				CLANG_ANALYZER_NONNULL = YES;
				CLANG_ANALYZER_NUMBER_OBJECT_CONVERSION = YES_AGGRESSIVE;
				CLANG_CXX_LANGUAGE_STANDARD = "gnu++14";
				CLANG_CXX_LIBRARY = "libc++";
				CLANG_ENABLE_MODULES = YES;
				CLANG_ENABLE_OBJC_ARC = YES;
				CLANG_ENABLE_OBJC_WEAK = YES;
				CLANG_WARN_BLOCK_CAPTURE_AUTORELEASING = YES;
				CLANG_WARN_BOOL_CONVERSION = YES;
				CLANG_WARN_COMMA = YES;
				CLANG_WARN_CONSTANT_CONVERSION = YES;
				CLANG_WARN_DEPRECATED_OBJC_IMPLEMENTATIONS = YES;
				CLANG_WARN_DIRECT_OBJC_ISA_USAGE = YES_ERROR;
				CLANG_WARN_DOCUMENTATION_COMMENTS = YES;
				CLANG_WARN_EMPTY_BODY = YES;
				CLANG_WARN_ENUM_CONVERSION = YES;
				CLANG_WARN_INFINITE_RECURSION = YES;
				CLANG_WARN_INT_CONVERSION = YES;
				CLANG_WARN_NON_LITERAL_NULL_CONVERSION = YES;
				CLANG_WARN_OBJC_IMPLICIT_RETAIN_SELF = YES;
				CLANG_WARN_OBJC_LITERAL_CONVERSION = YES;
				CLANG_WARN_OBJC_ROOT_CLASS = YES_ERROR;
				CLANG_WARN_RANGE_LOOP_ANALYSIS = YES;
				CLANG_WARN_STRICT_PROTOTYPES = YES;
				CLANG_WARN_SUSPICIOUS_MOVE = YES;
				CLANG_WARN_UNGUARDED_AVAILABILITY = YES_AGGRESSIVE;
				CLANG_WARN_UNREACHABLE_CODE = YES;
				CLANG_WARN__DUPLICATE_METHOD_MATCH = YES;
				CODE_SIGN_IDENTITY = "iPhone Developer";
				COPY_PHASE_STRIP = NO;
				DEBUG_INFORMATION_FORMAT = "dwarf-with-dsym";
				ENABLE_NS_ASSERTIONS = NO;
				ENABLE_STRICT_OBJC_MSGSEND = YES;
				GCC_C_LANGUAGE_STANDARD = gnu11;
				GCC_NO_COMMON_BLOCKS = YES;
				GCC_WARN_64_TO_32_BIT_CONVERSION = YES;
				GCC_WARN_ABOUT_RETURN_TYPE = YES_ERROR;
				GCC_WARN_UNDECLARED_SELECTOR = YES;
				GCC_WARN_UNINITIALIZED_AUTOS = YES_AGGRESSIVE;
				GCC_WARN_UNUSED_FUNCTION = YES;
				GCC_WARN_UNUSED_VARIABLE = YES;
				IPHONEOS_DEPLOYMENT_TARGET = 11.3;
				MTL_ENABLE_DEBUG_INFO = NO;
				SDKROOT = iphoneos;
				SWIFT_COMPILATION_MODE = wholemodule;
				SWIFT_OPTIMIZATION_LEVEL = "-O";
				VALIDATE_PRODUCT = YES;
			};
			name = Release;
		};
		F58FB52020A7C91A00757FBC /* Debug */ = {
			isa = XCBuildConfiguration;
			buildSettings = {
				ASSETCATALOG_COMPILER_APPICON_NAME = AppIcon;
				CODE_SIGN_STYLE = Automatic;
				DEVELOPMENT_TEAM = LJN3N4R83V;
				INFOPLIST_FILE = IMoniQ/Info.plist;
				LD_RUNPATH_SEARCH_PATHS = (
					"$(inherited)",
					"@executable_path/Frameworks",
				);
				PRODUCT_BUNDLE_IDENTIFIER = UTS.IMoniQ;
				PRODUCT_NAME = "$(TARGET_NAME)";
				SWIFT_VERSION = 4.0;
				TARGETED_DEVICE_FAMILY = "1,2";
			};
			name = Debug;
		};
		F58FB52120A7C91A00757FBC /* Release */ = {
			isa = XCBuildConfiguration;
			buildSettings = {
				ASSETCATALOG_COMPILER_APPICON_NAME = AppIcon;
				CODE_SIGN_STYLE = Automatic;
				DEVELOPMENT_TEAM = LJN3N4R83V;
				INFOPLIST_FILE = IMoniQ/Info.plist;
				LD_RUNPATH_SEARCH_PATHS = (
					"$(inherited)",
					"@executable_path/Frameworks",
				);
				PRODUCT_BUNDLE_IDENTIFIER = UTS.IMoniQ;
				PRODUCT_NAME = "$(TARGET_NAME)";
				SWIFT_VERSION = 4.0;
				TARGETED_DEVICE_FAMILY = "1,2";
			};
			name = Release;
		};
/* End XCBuildConfiguration section */

/* Begin XCConfigurationList section */
		F58FB50520A7C91900757FBC /* Build configuration list for PBXProject "IMoniQ" */ = {
			isa = XCConfigurationList;
			buildConfigurations = (
				F58FB51D20A7C91A00757FBC /* Debug */,
				F58FB51E20A7C91A00757FBC /* Release */,
			);
			defaultConfigurationIsVisible = 0;
			defaultConfigurationName = Release;
		};
		F58FB51F20A7C91A00757FBC /* Build configuration list for PBXNativeTarget "IMoniQ" */ = {
			isa = XCConfigurationList;
			buildConfigurations = (
				F58FB52020A7C91A00757FBC /* Debug */,
				F58FB52120A7C91A00757FBC /* Release */,
			);
			defaultConfigurationIsVisible = 0;
			defaultConfigurationName = Release;
		};
/* End XCConfigurationList section */

/* Begin XCVersionGroup section */
		F58FB51420A7C91900757FBC /* IMoniQ.xcdatamodeld */ = {
			isa = XCVersionGroup;
			children = (
				F58FB51520A7C91900757FBC /* IMoniQ.xcdatamodel */,
			);
			currentVersion = F58FB51520A7C91900757FBC /* IMoniQ.xcdatamodel */;
			path = IMoniQ.xcdatamodeld;
			sourceTree = "<group>";
			versionGroupType = wrapper.xcdatamodel;
		};
/* End XCVersionGroup section */
	};
	rootObject = F58FB50220A7C91900757FBC /* Project object */;
}
